
Microsoft Visual Studio Solution File, Format Version 12.00
# Visual Studio Version 16
VisualStudioVersion = 16.0.30804.86
MinimumVisualStudioVersion = 10.0.40219.1
Project("{FAE04EC0-301F-11D3-BF4B-00C04F79EFBC}") = "Task 3", "LocalAccounts\Task 3.csproj", "{099CC6BD-79CD-48A3-ACA3-0BDEAD2B0E60}"
EndProject
Global
	GlobalSection(SolutionConfigurationPlatforms) = preSolution
		Debug|Any CPU = Debug|Any CPU
		Release|Any CPU = Release|Any CPU
	EndGlobalSection
	GlobalSection(ProjectConfigurationPlatforms) = postSolution
		{099CC6BD-79CD-48A3-ACA3-0BDEAD2B0E60}.Debug|Any CPU.ActiveCfg = Debug|Any CPU
		{099CC6BD-79CD-48A3-ACA3-0BDEAD2B0E60}.Debug|Any CPU.Build.0 = Debug|Any CPU
		{099CC6BD-79CD-48A3-ACA3-0BDEAD2B0E60}.Release|Any CPU.ActiveCfg = Release|Any CPU
		{099CC6BD-79CD-48A3-ACA3-0BDEAD2B0E60}.Release|Any CPU.Build.0 = Release|Any CPU
	EndGlobalSection
	GlobalSection(SolutionProperties) = preSolution
		HideSolutionNode = FALSE
	EndGlobalSection
	GlobalSection(ExtensibilityGlobals) = postSolution
		SolutionGuid = {F00E6605-3B53-4182-A232-4A1FA558ED94}
	EndGlobalSection
EndGlobal
